<Solution>
  <Folder Name="/Blazor/" />
  <Project Path="NetFlow.Api/NetFlow.Api.csproj" />
  <Project Path="NetFlow.Application/NetFlow.Application.csproj" />
  <Project Path="NetFlow.Domain/NetFlow.Domain.csproj" />
  <Project Path="NetFlow.Infrastructure/NetFlow.Infrastructure.csproj" />
  <Project Path="NetFlow.Netsis/NetFlow.Netsis.csproj" />
  <Project Path="NetFlow.ReadModel/NetFlow.ReadModel.csproj" />
</Solution>
